
Microsoft Visual Studio Solution File, Format Version 12.00
# Visual Studio Version 17
VisualStudioVersion = 17.7.34024.191
MinimumVisualStudioVersion = 10.0.40219.1
Project("{FAE04EC0-301F-11D3-BF4B-00C04F79EFBC}") = "GroceryManager", "GroceryManager\GroceryManager.csproj", "{CD2A1733-A272-419E-8124-436A1F4B76FE}"
EndProject
Global
	GlobalSection(SolutionConfigurationPlatforms) = preSolution
		Debug|Any CPU = Debug|Any CPU
		Release|Any CPU = Release|Any CPU
	EndGlobalSection
	GlobalSection(ProjectConfigurationPlatforms) = postSolution
		{CD2A1733-A272-419E-8124-436A1F4B76FE}.Debug|Any CPU.ActiveCfg = Debug|Any CPU
		{CD2A1733-A272-419E-8124-436A1F4B76FE}.Debug|Any CPU.Build.0 = Debug|Any CPU
		{CD2A1733-A272-419E-8124-436A1F4B76FE}.Release|Any CPU.ActiveCfg = Release|Any CPU
		{CD2A1733-A272-419E-8124-436A1F4B76FE}.Release|Any CPU.Build.0 = Release|Any CPU
	EndGlobalSection
	GlobalSection(SolutionProperties) = preSolution
		HideSolutionNode = FALSE
	EndGlobalSection
	GlobalSection(ExtensibilityGlobals) = postSolution
		SolutionGuid = {14C89425-65BF-4FE5-9A60-819146C6F435}
	EndGlobalSection
EndGlobal
